// !$*UTF8*$!
{
	archiveVersion = 1;
	classes = {
	};
	objectVersion = 77;
	objects = {

/* Begin PBXBuildFile section */
		44E738342D9D114800A3364D /* CartManager.swift in Sources */ = {isa = PBXBuildFile; fileRef = 44E738212D9D114800A3364D /* CartManager.swift */; };
		44E738352D9D114800A3364D /* CartViewController.swift in Sources */ = {isa = PBXBuildFile; fileRef = 44E738222D9D114800A3364D /* CartViewController.swift */; };
		44E738362D9D114800A3364D /* CollectionViewCell.swift in Sources */ = {isa = PBXBuildFile; fileRef = 44E738232D9D114800A3364D /* CollectionViewCell.swift */; };
		44E738372D9D114800A3364D /* DataModel.swift in Sources */ = {isa = PBXBuildFile; fileRef = 44E738252D9D114800A3364D /* DataModel.swift */; };
		44E738382D9D114800A3364D /* ProductDetailsViewController.swift in Sources */ = {isa = PBXBuildFile; fileRef = 44E738292D9D114800A3364D /* ProductDetailsViewController.swift */; };
		44E7383A2D9D114800A3364D /* ViewController.swift in Sources */ = {isa = PBXBuildFile; fileRef = 44E7382B2D9D114800A3364D /* ViewController.swift */; };
		44E7383C2D9D18B800A3364D /* CartTableViewCell.swift in Sources */ = {isa = PBXBuildFile; fileRef = 44E7383B2D9D18B800A3364D /* CartTableViewCell.swift */; };
		44E7383E2D9D218400A3364D /* CheckOutViewController.swift in Sources */ = {isa = PBXBuildFile; fileRef = 44E7383D2D9D218400A3364D /* CheckOutViewController.swift */; };
/* End PBXBuildFile section */

/* Begin PBXFileReference section */
		44A9D98B2D9BF4D300E19B33 /* ProductListApp.app */ = {isa = PBXFileReference; explicitFileType = wrapper.application; includeInIndex = 0; path = ProductListApp.app; sourceTree = BUILT_PRODUCTS_DIR; };
		44E738212D9D114800A3364D /* CartManager.swift */ = {isa = PBXFileReference; lastKnownFileType = sourcecode.swift; path = CartManager.swift; sourceTree = "<group>"; };
		44E738222D9D114800A3364D /* CartViewController.swift */ = {isa = PBXFileReference; lastKnownFileType = sourcecode.swift; path = CartViewController.swift; sourceTree = "<group>"; };
		44E738232D9D114800A3364D /* CollectionViewCell.swift */ = {isa = PBXFileReference; lastKnownFileType = sourcecode.swift; path = CollectionViewCell.swift; sourceTree = "<group>"; };
		44E738252D9D114800A3364D /* DataModel.swift */ = {isa = PBXFileReference; lastKnownFileType = sourcecode.swift; path = DataModel.swift; sourceTree = "<group>"; };
		44E738292D9D114800A3364D /* ProductDetailsViewController.swift */ = {isa = PBXFileReference; lastKnownFileType = sourcecode.swift; path = ProductDetailsViewController.swift; sourceTree = "<group>"; };
		44E7382B2D9D114800A3364D /* ViewController.swift */ = {isa = PBXFileReference; lastKnownFileType = sourcecode.swift; path = ViewController.swift; sourceTree = "<group>"; };
		44E7383B2D9D18B800A3364D /* CartTableViewCell.swift */ = {isa = PBXFileReference; lastKnownFileType = sourcecode.swift; path = CartTableViewCell.swift; sourceTree = "<group>"; };
		44E7383D2D9D218400A3364D /* CheckOutViewController.swift */ = {isa = PBXFileReference; lastKnownFileType = sourcecode.swift; path = CheckOutViewController.swift; sourceTree = "<group>"; };
/* End PBXFileReference section */

/* Begin PBXFileSystemSynchronizedBuildFileExceptionSet section */
		44A9D99D2D9BF4D500E19B33 /* Exceptions for "ProductListApp" folder in "ProductListApp" target */ = {
			isa = PBXFileSystemSynchronizedBuildFileExceptionSet;
			membershipExceptions = (
				Info.plist,
			);
			target = 44A9D98A2D9BF4D300E19B33 /* ProductListApp */;
		};
/* End PBXFileSystemSynchronizedBuildFileExceptionSet section */

/* Begin PBXFileSystemSynchronizedRootGroup section */
		44A9D98D2D9BF4D300E19B33 /* ProductListApp */ = {
			isa = PBXFileSystemSynchronizedRootGroup;
			exceptions = (
				44A9D99D2D9BF4D500E19B33 /* Exceptions for "ProductListApp" folder in "ProductListApp" target */,
			);
			path = ProductListApp;
			sourceTree = "<group>";
		};
/* End PBXFileSystemSynchronizedRootGroup section */

/* Begin PBXFrameworksBuildPhase section */
		44A9D9882D9BF4D300E19B33 /* Frameworks */ = {
			isa = PBXFrameworksBuildPhase;
			buildActionMask = 2147483647;
			files = (
			);
			runOnlyForDeploymentPostprocessing = 0;
		};
/* End PBXFrameworksBuildPhase section */

/* Begin PBXGroup section */
		44A9D9822D9BF4D300E19B33 = {
			isa = PBXGroup;
			children = (
				44E7383F2D9D555900A3364D /* Model */,
				44E738402D9D556300A3364D /* View */,
				44E738412D9D556900A3364D /* Controller */,
				44A9D98D2D9BF4D300E19B33 /* ProductListApp */,
				44A9D98C2D9BF4D300E19B33 /* Products */,
			);
			sourceTree = "<group>";
		};
		44A9D98C2D9BF4D300E19B33 /* Products */ = {
			isa = PBXGroup;
			children = (
				44A9D98B2D9BF4D300E19B33 /* ProductListApp.app */,
			);
			name = Products;
			sourceTree = "<group>";
		};
		44E7383F2D9D555900A3364D /* Model */ = {
			isa = PBXGroup;
			children = (
				44E738252D9D114800A3364D /* DataModel.swift */,
				44E738212D9D114800A3364D /* CartManager.swift */,
			);
			path = Model;
			sourceTree = "<group>";
		};
		44E738402D9D556300A3364D /* View */ = {
			isa = PBXGroup;
			children = (
				44E738232D9D114800A3364D /* CollectionViewCell.swift */,
				44E7383B2D9D18B800A3364D /* CartTableViewCell.swift */,
			);
			path = View;
			sourceTree = "<group>";
		};
		44E738412D9D556900A3364D /* Controller */ = {
			isa = PBXGroup;
			children = (
				44E738292D9D114800A3364D /* ProductDetailsViewController.swift */,
				44E7383D2D9D218400A3364D /* CheckOutViewController.swift */,
				44E7382B2D9D114800A3364D /* ViewController.swift */,
				44E738222D9D114800A3364D /* CartViewController.swift */,
			);
			path = Controller;
			sourceTree = "<group>";
		};
/* End PBXGroup section */

/* Begin PBXNativeTarget section */
		44A9D98A2D9BF4D300E19B33 /* ProductListApp */ = {
			isa = PBXNativeTarget;
			buildConfigurationList = 44A9D99E2D9BF4D500E19B33 /* Build configuration list for PBXNativeTarget "ProductListApp" */;
			buildPhases = (
				44A9D9872D9BF4D300E19B33 /* Sources */,
				44A9D9882D9BF4D300E19B33 /* Frameworks */,
				44A9D9892D9BF4D300E19B33 /* Resources */,
			);
			buildRules = (
			);
			dependencies = (
			);
			fileSystemSynchronizedGroups = (
				44A9D98D2D9BF4D300E19B33 /* ProductListApp */,
			);
			name = ProductListApp;
			packageProductDependencies = (
			);
			productName = ProductListApp;
			productReference = 44A9D98B2D9BF4D300E19B33 /* ProductListApp.app */;
			productType = "com.apple.product-type.application";
		};
/* End PBXNativeTarget section */

/* Begin PBXProject section */
		44A9D9832D9BF4D300E19B33 /* Project object */ = {
			isa = PBXProject;
			attributes = {
				BuildIndependentTargetsInParallel = 1;
				LastSwiftUpdateCheck = 1620;
				LastUpgradeCheck = 1620;
				TargetAttributes = {
					44A9D98A2D9BF4D300E19B33 = {
						CreatedOnToolsVersion = 16.2;
					};
				};
			};
			buildConfigurationList = 44A9D9862D9BF4D300E19B33 /* Build configuration list for PBXProject "ProductListApp" */;
			developmentRegion = en;
			hasScannedForEncodings = 0;
			knownRegions = (
				en,
				Base,
			);
			mainGroup = 44A9D9822D9BF4D300E19B33;
			minimizedProjectReferenceProxies = 1;
			preferredProjectObjectVersion = 77;
			productRefGroup = 44A9D98C2D9BF4D300E19B33 /* Products */;
			projectDirPath = "";
			projectRoot = "";
			targets = (
				44A9D98A2D9BF4D300E19B33 /* ProductListApp */,
			);
		};
/* End PBXProject section */

/* Begin PBXResourcesBuildPhase section */
		44A9D9892D9BF4D300E19B33 /* Resources */ = {
			isa = PBXResourcesBuildPhase;
			buildActionMask = 2147483647;
			files = (
			);
			runOnlyForDeploymentPostprocessing = 0;
		};
/* End PBXResourcesBuildPhase section */

/* Begin PBXSourcesBuildPhase section */
		44A9D9872D9BF4D300E19B33 /* Sources */ = {
			isa = PBXSourcesBuildPhase;
			buildActionMask = 2147483647;
			files = (
				44E738342D9D114800A3364D /* CartManager.swift in Sources */,
				44E738352D9D114800A3364D /* CartViewController.swift in Sources */,
				44E7383C2D9D18B800A3364D /* CartTableViewCell.swift in Sources */,
				44E738362D9D114800A3364D /* CollectionViewCell.swift in Sources */,
				44E738372D9D114800A3364D /* DataModel.swift in Sources */,
				44E7383E2D9D218400A3364D /* CheckOutViewController.swift in Sources */,
				44E738382D9D114800A3364D /* ProductDetailsViewController.swift in Sources */,
				44E7383A2D9D114800A3364D /* ViewController.swift in Sources */,
			);
			runOnlyForDeploymentPostprocessing = 0;
		};
/* End PBXSourcesBuildPhase section */

/* Begin XCBuildConfiguration section */
		44A9D99F2D9BF4D500E19B33 /* Debug */ = {
			isa = XCBuildConfiguration;
			buildSettings = {
				ASSETCATALOG_COMPILER_APPICON_NAME = AppIcon;
				ASSETCATALOG_COMPILER_GLOBAL_ACCENT_COLOR_NAME = AccentColor;
				CODE_SIGN_STYLE = Automatic;
				CURRENT_PROJECT_VERSION = 1;
				DEVELOPMENT_TEAM = LZA2G2AFLP;
				GENERATE_INFOPLIST_FILE = YES;
				INFOPLIST_FILE = ProductListApp/Info.plist;
				INFOPLIST_KEY_UIApplicationSupportsIndirectInputEvents = YES;
				INFOPLIST_KEY_UILaunchStoryboardName = LaunchScreen;
				INFOPLIST_KEY_UIMainStoryboardFile = Main;
				INFOPLIST_KEY_UISupportedInterfaceOrientations_iPad = "UIInterfaceOrientationPortrait UIInterfaceOrientationPortraitUpsideDown UIInterfaceOrientationLandscapeLeft UIInterfaceOrientationLandscapeRight";
				INFOPLIST_KEY_UISupportedInterfaceOrientations_iPhone = "UIInterfaceOrientationPortrait UIInterfaceOrientationLandscapeLeft UIInterfaceOrientationLandscapeRight";
				LD_RUNPATH_SEARCH_PATHS = (
					"$(inherited)",
					"@executable_path/Frameworks",
				);
				MARKETING_VERSION = 1.0;
				PRODUCT_BUNDLE_IDENTIFIER = com.tapan.ProductListApp;
				PRODUCT_NAME = "$(TARGET_NAME)";
				SWIFT_EMIT_LOC_STRINGS = YES;
				SWIFT_VERSION = 5.0;
				TARGETED_DEVICE_FAMILY = "1,2";
			};
			name = Debug;
		};
		44A9D9A02D9BF4D500E19B33 /* Release */ = {
			isa = XCBuildConfiguration;
			buildSettings = {
				ASSETCATALOG_COMPILER_APPICON_NAME = AppIcon;
				ASSETCATALOG_COMPILER_GLOBAL_ACCENT_COLOR_NAME = AccentColor;
				CODE_SIGN_STYLE = Automatic;
				CURRENT_PROJECT_VERSION = 1;
				DEVELOPMENT_TEAM = LZA2G2AFLP;
				GENERATE_INFOPLIST_FILE = YES;
				INFOPLIST_FILE = ProductListApp/Info.plist;
				INFOPLIST_KEY_UIApplicationSupportsIndirectInputEvents = YES;
				INFOPLIST_KEY_UILaunchStoryboardName = LaunchScreen;
				INFOPLIST_KEY_UIMainStoryboardFile = Main;
				INFOPLIST_KEY_UISupportedInterfaceOrientations_iPad = "UIInterfaceOrientationPortrait UIInterfaceOrientationPortraitUpsideDown UIInterfaceOrientationLandscapeLeft UIInterfaceOrientationLandscapeRight";
				INFOPLIST_KEY_UISupportedInterfaceOrientations_iPhone = "UIInterfaceOrientationPortrait UIInterfaceOrientationLandscapeLeft UIInterfaceOrientationLandscapeRight";
				LD_RUNPATH_SEARCH_PATHS = (
					"$(inherited)",
					"@executable_path/Frameworks",
				);
				MARKETING_VERSION = 1.0;
				PRODUCT_BUNDLE_IDENTIFIER = com.tapan.ProductListApp;
				PRODUCT_NAME = "$(TARGET_NAME)";
				SWIFT_EMIT_LOC_STRINGS = YES;
				SWIFT_VERSION = 5.0;
				TARGETED_DEVICE_FAMILY = "1,2";
			};
			name = Release;
		};
		44A9D9A12D9BF4D500E19B33 /* Debug */ = {
			isa = XCBuildConfiguration;
			buildSettings = {
				ALWAYS_SEARCH_USER_PATHS = NO;
				ASSETCATALOG_COMPILER_GENERATE_SWIFT_ASSET_SYMBOL_EXTENSIONS = YES;
				CLANG_ANALYZER_NONNULL = YES;
				CLANG_ANALYZER_NUMBER_OBJECT_CONVERSION = YES_AGGRESSIVE;
				CLANG_CXX_LANGUAGE_STANDARD = "gnu++20";
				CLANG_ENABLE_MODULES = YES;
				CLANG_ENABLE_OBJC_ARC = YES;
				CLANG_ENABLE_OBJC_WEAK = YES;
				CLANG_WARN_BLOCK_CAPTURE_AUTORELEASING = YES;
				CLANG_WARN_BOOL_CONVERSION = YES;
				CLANG_WARN_COMMA = YES;
				CLANG_WARN_CONSTANT_CONVERSION = YES;
				CLANG_WARN_DEPRECATED_OBJC_IMPLEMENTATIONS = YES;
				CLANG_WARN_DIRECT_OBJC_ISA_USAGE = YES_ERROR;
				CLANG_WARN_DOCUMENTATION_COMMENTS = YES;
				CLANG_WARN_EMPTY_BODY = YES;
				CLANG_WARN_ENUM_CONVERSION = YES;
				CLANG_WARN_INFINITE_RECURSION = YES;
				CLANG_WARN_INT_CONVERSION = YES;
				CLANG_WARN_NON_LITERAL_NULL_CONVERSION = YES;
				CLANG_WARN_OBJC_IMPLICIT_RETAIN_SELF = YES;
				CLANG_WARN_OBJC_LITERAL_CONVERSION = YES;
				CLANG_WARN_OBJC_ROOT_CLASS = YES_ERROR;
				CLANG_WARN_QUOTED_INCLUDE_IN_FRAMEWORK_HEADER = YES;
				CLANG_WARN_RANGE_LOOP_ANALYSIS = YES;
				CLANG_WARN_STRICT_PROTOTYPES = YES;
				CLANG_WARN_SUSPICIOUS_MOVE = YES;
				CLANG_WARN_UNGUARDED_AVAILABILITY = YES_AGGRESSIVE;
				CLANG_WARN_UNREACHABLE_CODE = YES;
				CLANG_WARN__DUPLICATE_METHOD_MATCH = YES;
				COPY_PHASE_STRIP = NO;
				DEBUG_INFORMATION_FORMAT = dwarf;
				ENABLE_STRICT_OBJC_MSGSEND = YES;
				ENABLE_TESTABILITY = YES;
				ENABLE_USER_SCRIPT_SANDBOXING = YES;
				GCC_C_LANGUAGE_STANDARD = gnu17;
				GCC_DYNAMIC_NO_PIC = NO;
				GCC_NO_COMMON_BLOCKS = YES;
				GCC_OPTIMIZATION_LEVEL = 0;
				GCC_PREPROCESSOR_DEFINITIONS = (
					"DEBUG=1",
					"$(inherited)",
				);
				GCC_WARN_64_TO_32_BIT_CONVERSION = YES;
				GCC_WARN_ABOUT_RETURN_TYPE = YES_ERROR;
				GCC_WARN_UNDECLARED_SELECTOR = YES;
				GCC_WARN_UNINITIALIZED_AUTOS = YES_AGGRESSIVE;
				GCC_WARN_UNUSED_FUNCTION = YES;
				GCC_WARN_UNUSED_VARIABLE = YES;
				IPHONEOS_DEPLOYMENT_TARGET = 18.2;
				LOCALIZATION_PREFERS_STRING_CATALOGS = YES;
				MTL_ENABLE_DEBUG_INFO = INCLUDE_SOURCE;
				MTL_FAST_MATH = YES;
				ONLY_ACTIVE_ARCH = YES;
				SDKROOT = iphoneos;
				SWIFT_ACTIVE_COMPILATION_CONDITIONS = "DEBUG $(inherited)";
				SWIFT_OPTIMIZATION_LEVEL = "-Onone";
			};
			name = Debug;
		};
		44A9D9A22D9BF4D500E19B33 /* Release */ = {
			isa = XCBuildConfiguration;
			buildSettings = {
				ALWAYS_SEARCH_USER_PATHS = NO;
				ASSETCATALOG_COMPILER_GENERATE_SWIFT_ASSET_SYMBOL_EXTENSIONS = YES;
				CLANG_ANALYZER_NONNULL = YES;
				CLANG_ANALYZER_NUMBER_OBJECT_CONVERSION = YES_AGGRESSIVE;
				CLANG_CXX_LANGUAGE_STANDARD = "gnu++20";
				CLANG_ENABLE_MODULES = YES;
				CLANG_ENABLE_OBJC_ARC = YES;
				CLANG_ENABLE_OBJC_WEAK = YES;
				CLANG_WARN_BLOCK_CAPTURE_AUTORELEASING = YES;
				CLANG_WARN_BOOL_CONVERSION = YES;
				CLANG_WARN_COMMA = YES;
				CLANG_WARN_CONSTANT_CONVERSION = YES;
				CLANG_WARN_DEPRECATED_OBJC_IMPLEMENTATIONS = YES;
				CLANG_WARN_DIRECT_OBJC_ISA_USAGE = YES_ERROR;
				CLANG_WARN_DOCUMENTATION_COMMENTS = YES;
				CLANG_WARN_EMPTY_BODY = YES;
				CLANG_WARN_ENUM_CONVERSION = YES;
				CLANG_WARN_INFINITE_RECURSION = YES;
				CLANG_WARN_INT_CONVERSION = YES;
				CLANG_WARN_NON_LITERAL_NULL_CONVERSION = YES;
				CLANG_WARN_OBJC_IMPLICIT_RETAIN_SELF = YES;
				CLANG_WARN_OBJC_LITERAL_CONVERSION = YES;
				CLANG_WARN_OBJC_ROOT_CLASS = YES_ERROR;
				CLANG_WARN_QUOTED_INCLUDE_IN_FRAMEWORK_HEADER = YES;
				CLANG_WARN_RANGE_LOOP_ANALYSIS = YES;
				CLANG_WARN_STRICT_PROTOTYPES = YES;
				CLANG_WARN_SUSPICIOUS_MOVE = YES;
				CLANG_WARN_UNGUARDED_AVAILABILITY = YES_AGGRESSIVE;
				CLANG_WARN_UNREACHABLE_CODE = YES;
				CLANG_WARN__DUPLICATE_METHOD_MATCH = YES;
				COPY_PHASE_STRIP = NO;
				DEBUG_INFORMATION_FORMAT = "dwarf-with-dsym";
				ENABLE_NS_ASSERTIONS = NO;
				ENABLE_STRICT_OBJC_MSGSEND = YES;
				ENABLE_USER_SCRIPT_SANDBOXING = YES;
				GCC_C_LANGUAGE_STANDARD = gnu17;
				GCC_NO_COMMON_BLOCKS = YES;
				GCC_WARN_64_TO_32_BIT_CONVERSION = YES;
				GCC_WARN_ABOUT_RETURN_TYPE = YES_ERROR;
				GCC_WARN_UNDECLARED_SELECTOR = YES;
				GCC_WARN_UNINITIALIZED_AUTOS = YES_AGGRESSIVE;
				GCC_WARN_UNUSED_FUNCTION = YES;
				GCC_WARN_UNUSED_VARIABLE = YES;
				IPHONEOS_DEPLOYMENT_TARGET = 18.2;
				LOCALIZATION_PREFERS_STRING_CATALOGS = YES;
				MTL_ENABLE_DEBUG_INFO = NO;
				MTL_FAST_MATH = YES;
				SDKROOT = iphoneos;
				SWIFT_COMPILATION_MODE = wholemodule;
				VALIDATE_PRODUCT = YES;
			};
			name = Release;
		};
/* End XCBuildConfiguration section */

/* Begin XCConfigurationList section */
		44A9D9862D9BF4D300E19B33 /* Build configuration list for PBXProject "ProductListApp" */ = {
			isa = XCConfigurationList;
			buildConfigurations = (
				44A9D9A12D9BF4D500E19B33 /* Debug */,
				44A9D9A22D9BF4D500E19B33 /* Release */,
			);
			defaultConfigurationIsVisible = 0;
			defaultConfigurationName = Release;
		};
		44A9D99E2D9BF4D500E19B33 /* Build configuration list for PBXNativeTarget "ProductListApp" */ = {
			isa = XCConfigurationList;
			buildConfigurations = (
				44A9D99F2D9BF4D500E19B33 /* Debug */,
				44A9D9A02D9BF4D500E19B33 /* Release */,
			);
			defaultConfigurationIsVisible = 0;
			defaultConfigurationName = Release;
		};
/* End XCConfigurationList section */
	};
	rootObject = 44A9D9832D9BF4D300E19B33 /* Project object */;
}
